// !$*UTF8*$!
{
	archiveVersion = 1;
	classes = {
	};
	objectVersion = 46;
	objects = {

/* Begin PBXBuildFile section */
		45B797181949B84D00E8E68E /* Foundation.framework in Frameworks */ = {isa = PBXBuildFile; fileRef = 45B797171949B84D00E8E68E /* Foundation.framework */; };
		45B7971A1949B84D00E8E68E /* CoreGraphics.framework in Frameworks */ = {isa = PBXBuildFile; fileRef = 45B797191949B84D00E8E68E /* CoreGraphics.framework */; };
		45B7971C1949B84D00E8E68E /* UIKit.framework in Frameworks */ = {isa = PBXBuildFile; fileRef = 45B7971B1949B84D00E8E68E /* UIKit.framework */; };
		45B797221949B84D00E8E68E /* InfoPlist.strings in Resources */ = {isa = PBXBuildFile; fileRef = 45B797201949B84D00E8E68E /* InfoPlist.strings */; };
		45B797241949B84D00E8E68E /* main.m in Sources */ = {isa = PBXBuildFile; fileRef = 45B797231949B84D00E8E68E /* main.m */; };
		45B797281949B84D00E8E68E /* NSHAppDelegate.m in Sources */ = {isa = PBXBuildFile; fileRef = 45B797271949B84D00E8E68E /* NSHAppDelegate.m */; };
		45B797331949B84D00E8E68E /* Images.xcassets in Resources */ = {isa = PBXBuildFile; fileRef = 45B797321949B84D00E8E68E /* Images.xcassets */; };
		45B7973A1949B84D00E8E68E /* XCTest.framework in Frameworks */ = {isa = PBXBuildFile; fileRef = 45B797391949B84D00E8E68E /* XCTest.framework */; };
		45B7973B1949B84D00E8E68E /* Foundation.framework in Frameworks */ = {isa = PBXBuildFile; fileRef = 45B797171949B84D00E8E68E /* Foundation.framework */; };
		45B7973C1949B84D00E8E68E /* UIKit.framework in Frameworks */ = {isa = PBXBuildFile; fileRef = 45B7971B1949B84D00E8E68E /* UIKit.framework */; };
		45B797441949B84D00E8E68E /* InfoPlist.strings in Resources */ = {isa = PBXBuildFile; fileRef = 45B797421949B84D00E8E68E /* InfoPlist.strings */; };
		45B797461949B84D00E8E68E /* NSHipsterBlogAppTests.m in Sources */ = {isa = PBXBuildFile; fileRef = 45B797451949B84D00E8E68E /* NSHipsterBlogAppTests.m */; };
		45B797521949C1FE00E8E68E /* Main.storyboard in Resources */ = {isa = PBXBuildFile; fileRef = 45B797511949C1FE00E8E68E /* Main.storyboard */; };
		7700FAC6CF9D48A586184DA3 /* libPods-NSHipsterBlogAppTests.a in Frameworks */ = {isa = PBXBuildFile; fileRef = 108CC62DEFDE4DDDA9EC9BB1 /* libPods-NSHipsterBlogAppTests.a */; };
/* End PBXBuildFile section */

/* Begin PBXContainerItemProxy section */
		45B7973D1949B84D00E8E68E /* PBXContainerItemProxy */ = {
			isa = PBXContainerItemProxy;
			containerPortal = 45B7970C1949B84D00E8E68E /* Project object */;
			proxyType = 1;
			remoteGlobalIDString = 45B797131949B84D00E8E68E;
			remoteInfo = NSHipsterBlogApp;
		};
/* End PBXContainerItemProxy section */

/* Begin PBXFileReference section */
		108CC62DEFDE4DDDA9EC9BB1 /* libPods-NSHipsterBlogAppTests.a */ = {isa = PBXFileReference; explicitFileType = archive.ar; includeInIndex = 0; path = "libPods-NSHipsterBlogAppTests.a"; sourceTree = BUILT_PRODUCTS_DIR; };
		45B797141949B84D00E8E68E /* NSHipsterBlogApp.app */ = {isa = PBXFileReference; explicitFileType = wrapper.application; includeInIndex = 0; path = NSHipsterBlogApp.app; sourceTree = BUILT_PRODUCTS_DIR; };
		45B797171949B84D00E8E68E /* Foundation.framework */ = {isa = PBXFileReference; lastKnownFileType = wrapper.framework; name = Foundation.framework; path = System/Library/Frameworks/Foundation.framework; sourceTree = SDKROOT; };
		45B797191949B84D00E8E68E /* CoreGraphics.framework */ = {isa = PBXFileReference; lastKnownFileType = wrapper.framework; name = CoreGraphics.framework; path = System/Library/Frameworks/CoreGraphics.framework; sourceTree = SDKROOT; };
		45B7971B1949B84D00E8E68E /* UIKit.framework */ = {isa = PBXFileReference; lastKnownFileType = wrapper.framework; name = UIKit.framework; path = System/Library/Frameworks/UIKit.framework; sourceTree = SDKROOT; };
		45B7971F1949B84D00E8E68E /* NSHipsterBlogApp-Info.plist */ = {isa = PBXFileReference; lastKnownFileType = text.plist.xml; path = "NSHipsterBlogApp-Info.plist"; sourceTree = "<group>"; };
		45B797211949B84D00E8E68E /* en */ = {isa = PBXFileReference; lastKnownFileType = text.plist.strings; name = en; path = en.lproj/InfoPlist.strings; sourceTree = "<group>"; };
		45B797231949B84D00E8E68E /* main.m */ = {isa = PBXFileReference; lastKnownFileType = sourcecode.c.objc; path = main.m; sourceTree = "<group>"; };
		45B797251949B84D00E8E68E /* NSHipsterBlogApp-Prefix.pch */ = {isa = PBXFileReference; lastKnownFileType = sourcecode.c.h; path = "NSHipsterBlogApp-Prefix.pch"; sourceTree = "<group>"; };
		45B797261949B84D00E8E68E /* NSHAppDelegate.h */ = {isa = PBXFileReference; lastKnownFileType = sourcecode.c.h; path = NSHAppDelegate.h; sourceTree = "<group>"; };
		45B797271949B84D00E8E68E /* NSHAppDelegate.m */ = {isa = PBXFileReference; lastKnownFileType = sourcecode.c.objc; path = NSHAppDelegate.m; sourceTree = "<group>"; };
		45B797321949B84D00E8E68E /* Images.xcassets */ = {isa = PBXFileReference; lastKnownFileType = folder.assetcatalog; path = Images.xcassets; sourceTree = "<group>"; };
		45B797381949B84D00E8E68E /* NSHipsterBlogAppTests.xctest */ = {isa = PBXFileReference; explicitFileType = wrapper.cfbundle; includeInIndex = 0; path = NSHipsterBlogAppTests.xctest; sourceTree = BUILT_PRODUCTS_DIR; };
		45B797391949B84D00E8E68E /* XCTest.framework */ = {isa = PBXFileReference; lastKnownFileType = wrapper.framework; name = XCTest.framework; path = Library/Frameworks/XCTest.framework; sourceTree = DEVELOPER_DIR; };
		45B797411949B84D00E8E68E /* NSHipsterBlogAppTests-Info.plist */ = {isa = PBXFileReference; lastKnownFileType = text.plist.xml; path = "NSHipsterBlogAppTests-Info.plist"; sourceTree = "<group>"; };
		45B797431949B84D00E8E68E /* en */ = {isa = PBXFileReference; lastKnownFileType = text.plist.strings; name = en; path = en.lproj/InfoPlist.strings; sourceTree = "<group>"; };
		45B797451949B84D00E8E68E /* NSHipsterBlogAppTests.m */ = {isa = PBXFileReference; lastKnownFileType = sourcecode.c.objc; path = NSHipsterBlogAppTests.m; sourceTree = "<group>"; };
		45B797511949C1FE00E8E68E /* Main.storyboard */ = {isa = PBXFileReference; fileEncoding = 4; lastKnownFileType = file.storyboard; path = Main.storyboard; sourceTree = "<group>"; };
		E2FAEE691912415183750ECB /* Pods-NSHipsterBlogAppTests.xcconfig */ = {isa = PBXFileReference; includeInIndex = 1; lastKnownFileType = text.xcconfig; name = "Pods-NSHipsterBlogAppTests.xcconfig"; path = "Pods/Pods-NSHipsterBlogAppTests.xcconfig"; sourceTree = "<group>"; };
/* End PBXFileReference section */

/* Begin PBXFrameworksBuildPhase section */
		45B797111949B84D00E8E68E /* Frameworks */ = {
			isa = PBXFrameworksBuildPhase;
			buildActionMask = 2147483647;
			files = (
				45B7971A1949B84D00E8E68E /* CoreGraphics.framework in Frameworks */,
				45B7971C1949B84D00E8E68E /* UIKit.framework in Frameworks */,
				45B797181949B84D00E8E68E /* Foundation.framework in Frameworks */,
			);
			runOnlyForDeploymentPostprocessing = 0;
		};
		45B797351949B84D00E8E68E /* Frameworks */ = {
			isa = PBXFrameworksBuildPhase;
			buildActionMask = 2147483647;
			files = (
				45B7973A1949B84D00E8E68E /* XCTest.framework in Frameworks */,
				45B7973C1949B84D00E8E68E /* UIKit.framework in Frameworks */,
				45B7973B1949B84D00E8E68E /* Foundation.framework in Frameworks */,
				7700FAC6CF9D48A586184DA3 /* libPods-NSHipsterBlogAppTests.a in Frameworks */,
			);
			runOnlyForDeploymentPostprocessing = 0;
		};
/* End PBXFrameworksBuildPhase section */

/* Begin PBXGroup section */
		45B7970B1949B84D00E8E68E = {
			isa = PBXGroup;
			children = (
				45B7971D1949B84D00E8E68E /* Classes */,
				45B7973F1949B84D00E8E68E /* NSHipsterBlogAppTests */,
				45B797161949B84D00E8E68E /* Frameworks */,
				45B797151949B84D00E8E68E /* Products */,
				E2FAEE691912415183750ECB /* Pods-NSHipsterBlogAppTests.xcconfig */,
			);
			sourceTree = "<group>";
		};
		45B797151949B84D00E8E68E /* Products */ = {
			isa = PBXGroup;
			children = (
				45B797141949B84D00E8E68E /* NSHipsterBlogApp.app */,
				45B797381949B84D00E8E68E /* NSHipsterBlogAppTests.xctest */,
			);
			name = Products;
			sourceTree = "<group>";
		};
		45B797161949B84D00E8E68E /* Frameworks */ = {
			isa = PBXGroup;
			children = (
				45B797171949B84D00E8E68E /* Foundation.framework */,
				45B797191949B84D00E8E68E /* CoreGraphics.framework */,
				45B7971B1949B84D00E8E68E /* UIKit.framework */,
				45B797391949B84D00E8E68E /* XCTest.framework */,
				108CC62DEFDE4DDDA9EC9BB1 /* libPods-NSHipsterBlogAppTests.a */,
			);
			name = Frameworks;
			sourceTree = "<group>";
		};
		45B7971D1949B84D00E8E68E /* Classes */ = {
			isa = PBXGroup;
			children = (
				45B797501949B8F600E8E68E /* Controller */,
				45B7974F1949B8E100E8E68E /* Model */,
				45B797261949B84D00E8E68E /* NSHAppDelegate.h */,
				45B797271949B84D00E8E68E /* NSHAppDelegate.m */,
				45B797321949B84D00E8E68E /* Images.xcassets */,
				45B7971E1949B84D00E8E68E /* Supporting Files */,
				45B797511949C1FE00E8E68E /* Main.storyboard */,
			);
			path = Classes;
			sourceTree = "<group>";
		};
		45B7971E1949B84D00E8E68E /* Supporting Files */ = {
			isa = PBXGroup;
			children = (
				45B7971F1949B84D00E8E68E /* NSHipsterBlogApp-Info.plist */,
				45B797201949B84D00E8E68E /* InfoPlist.strings */,
				45B797231949B84D00E8E68E /* main.m */,
				45B797251949B84D00E8E68E /* NSHipsterBlogApp-Prefix.pch */,
			);
			name = "Supporting Files";
			sourceTree = "<group>";
		};
		45B7973F1949B84D00E8E68E /* NSHipsterBlogAppTests */ = {
			isa = PBXGroup;
			children = (
				45B797451949B84D00E8E68E /* NSHipsterBlogAppTests.m */,
				45B797401949B84D00E8E68E /* Supporting Files */,
			);
			path = NSHipsterBlogAppTests;
			sourceTree = "<group>";
		};
		45B797401949B84D00E8E68E /* Supporting Files */ = {
			isa = PBXGroup;
			children = (
				45B797411949B84D00E8E68E /* NSHipsterBlogAppTests-Info.plist */,
				45B797421949B84D00E8E68E /* InfoPlist.strings */,
			);
			name = "Supporting Files";
			sourceTree = "<group>";
		};
		45B7974F1949B8E100E8E68E /* Model */ = {
			isa = PBXGroup;
			children = (
			);
			name = Model;
			sourceTree = "<group>";
		};
		45B797501949B8F600E8E68E /* Controller */ = {
			isa = PBXGroup;
			children = (
			);
			name = Controller;
			sourceTree = "<group>";
		};
/* End PBXGroup section */

/* Begin PBXNativeTarget section */
		45B797131949B84D00E8E68E /* NSHipsterBlogApp */ = {
			isa = PBXNativeTarget;
			buildConfigurationList = 45B797491949B84D00E8E68E /* Build configuration list for PBXNativeTarget "NSHipsterBlogApp" */;
			buildPhases = (
				45B797101949B84D00E8E68E /* Sources */,
				45B797111949B84D00E8E68E /* Frameworks */,
				45B797121949B84D00E8E68E /* Resources */,
			);
			buildRules = (
			);
			dependencies = (
			);
			name = NSHipsterBlogApp;
			productName = NSHipsterBlogApp;
			productReference = 45B797141949B84D00E8E68E /* NSHipsterBlogApp.app */;
			productType = "com.apple.product-type.application";
		};
		45B797371949B84D00E8E68E /* NSHipsterBlogAppTests */ = {
			isa = PBXNativeTarget;
			buildConfigurationList = 45B7974C1949B84D00E8E68E /* Build configuration list for PBXNativeTarget "NSHipsterBlogAppTests" */;
			buildPhases = (
				3FA4F12F655D44488D5CA8AC /* Check Pods Manifest.lock */,
				45B797341949B84D00E8E68E /* Sources */,
				45B797351949B84D00E8E68E /* Frameworks */,
				45B797361949B84D00E8E68E /* Resources */,
				074801025DF844D19DC8770B /* Copy Pods Resources */,
			);
			buildRules = (
			);
			dependencies = (
				45B7973E1949B84D00E8E68E /* PBXTargetDependency */,
			);
			name = NSHipsterBlogAppTests;
			productName = NSHipsterBlogAppTests;
			productReference = 45B797381949B84D00E8E68E /* NSHipsterBlogAppTests.xctest */;
			productType = "com.apple.product-type.bundle.unit-test";
		};
/* End PBXNativeTarget section */

/* Begin PBXProject section */
		45B7970C1949B84D00E8E68E /* Project object */ = {
			isa = PBXProject;
			attributes = {
				CLASSPREFIX = NSH;
				LastUpgradeCheck = 0510;
				ORGANIZATIONNAME = "Alexander Ney";
				TargetAttributes = {
					45B797371949B84D00E8E68E = {
						TestTargetID = 45B797131949B84D00E8E68E;
					};
				};
			};
			buildConfigurationList = 45B7970F1949B84D00E8E68E /* Build configuration list for PBXProject "NSHipsterBlogApp" */;
			compatibilityVersion = "Xcode 3.2";
			developmentRegion = English;
			hasScannedForEncodings = 0;
			knownRegions = (
				en,
				Base,
			);
			mainGroup = 45B7970B1949B84D00E8E68E;
			productRefGroup = 45B797151949B84D00E8E68E /* Products */;
			projectDirPath = "";
			projectRoot = "";
			targets = (
				45B797131949B84D00E8E68E /* NSHipsterBlogApp */,
				45B797371949B84D00E8E68E /* NSHipsterBlogAppTests */,
			);
		};
/* End PBXProject section */

/* Begin PBXResourcesBuildPhase section */
		45B797121949B84D00E8E68E /* Resources */ = {
			isa = PBXResourcesBuildPhase;
			buildActionMask = 2147483647;
			files = (
				45B797521949C1FE00E8E68E /* Main.storyboard in Resources */,
				45B797331949B84D00E8E68E /* Images.xcassets in Resources */,
				45B797221949B84D00E8E68E /* InfoPlist.strings in Resources */,
			);
			runOnlyForDeploymentPostprocessing = 0;
		};
		45B797361949B84D00E8E68E /* Resources */ = {
			isa = PBXResourcesBuildPhase;
			buildActionMask = 2147483647;
			files = (
				45B797441949B84D00E8E68E /* InfoPlist.strings in Resources */,
			);
			runOnlyForDeploymentPostprocessing = 0;
		};
/* End PBXResourcesBuildPhase section */

/* Begin PBXShellScriptBuildPhase section */
		074801025DF844D19DC8770B /* Copy Pods Resources */ = {
			isa = PBXShellScriptBuildPhase;
			buildActionMask = 2147483647;
			files = (
			);
			inputPaths = (
			);
			name = "Copy Pods Resources";
			outputPaths = (
			);
			runOnlyForDeploymentPostprocessing = 0;
			shellPath = /bin/sh;
			shellScript = "\"${SRCROOT}/Pods/Pods-NSHipsterBlogAppTests-resources.sh\"\n";
			showEnvVarsInLog = 0;
		};
		3FA4F12F655D44488D5CA8AC /* Check Pods Manifest.lock */ = {
			isa = PBXShellScriptBuildPhase;
			buildActionMask = 2147483647;
			files = (
			);
			inputPaths = (
			);
			name = "Check Pods Manifest.lock";
			outputPaths = (
			);
			runOnlyForDeploymentPostprocessing = 0;
			shellPath = /bin/sh;
			shellScript = "diff \"${PODS_ROOT}/../Podfile.lock\" \"${PODS_ROOT}/Manifest.lock\" > /dev/null\nif [[ $? != 0 ]] ; then\n    cat << EOM\nerror: The sandbox is not in sync with the Podfile.lock. Run 'pod install' or update your CocoaPods installation.\nEOM\n    exit 1\nfi\n";
			showEnvVarsInLog = 0;
		};
/* End PBXShellScriptBuildPhase section */

/* Begin PBXSourcesBuildPhase section */
		45B797101949B84D00E8E68E /* Sources */ = {
			isa = PBXSourcesBuildPhase;
			buildActionMask = 2147483647;
			files = (
				45B797281949B84D00E8E68E /* NSHAppDelegate.m in Sources */,
				45B797241949B84D00E8E68E /* main.m in Sources */,
			);
			runOnlyForDeploymentPostprocessing = 0;
		};
		45B797341949B84D00E8E68E /* Sources */ = {
			isa = PBXSourcesBuildPhase;
			buildActionMask = 2147483647;
			files = (
				45B797461949B84D00E8E68E /* NSHipsterBlogAppTests.m in Sources */,
			);
			runOnlyForDeploymentPostprocessing = 0;
		};
/* End PBXSourcesBuildPhase section */

/* Begin PBXTargetDependency section */
		45B7973E1949B84D00E8E68E /* PBXTargetDependency */ = {
			isa = PBXTargetDependency;
			target = 45B797131949B84D00E8E68E /* NSHipsterBlogApp */;
			targetProxy = 45B7973D1949B84D00E8E68E /* PBXContainerItemProxy */;
		};
/* End PBXTargetDependency section */

/* Begin PBXVariantGroup section */
		45B797201949B84D00E8E68E /* InfoPlist.strings */ = {
			isa = PBXVariantGroup;
			children = (
				45B797211949B84D00E8E68E /* en */,
			);
			name = InfoPlist.strings;
			sourceTree = "<group>";
		};
		45B797421949B84D00E8E68E /* InfoPlist.strings */ = {
			isa = PBXVariantGroup;
			children = (
				45B797431949B84D00E8E68E /* en */,
			);
			name = InfoPlist.strings;
			sourceTree = "<group>";
		};
/* End PBXVariantGroup section */

/* Begin XCBuildConfiguration section */
		45B797471949B84D00E8E68E /* Debug */ = {
			isa = XCBuildConfiguration;
			buildSettings = {
				ALWAYS_SEARCH_USER_PATHS = NO;
				CLANG_CXX_LANGUAGE_STANDARD = "gnu++0x";
				CLANG_CXX_LIBRARY = "libc++";
				CLANG_ENABLE_MODULES = YES;
				CLANG_ENABLE_OBJC_ARC = YES;
				CLANG_WARN_BOOL_CONVERSION = YES;
				CLANG_WARN_CONSTANT_CONVERSION = YES;
				CLANG_WARN_DIRECT_OBJC_ISA_USAGE = YES_ERROR;
				CLANG_WARN_EMPTY_BODY = YES;
				CLANG_WARN_ENUM_CONVERSION = YES;
				CLANG_WARN_INT_CONVERSION = YES;
				CLANG_WARN_OBJC_ROOT_CLASS = YES_ERROR;
				CLANG_WARN__DUPLICATE_METHOD_MATCH = YES;
				"CODE_SIGN_IDENTITY[sdk=iphoneos*]" = "iPhone Developer";
				COPY_PHASE_STRIP = NO;
				GCC_C_LANGUAGE_STANDARD = gnu99;
				GCC_DYNAMIC_NO_PIC = NO;
				GCC_OPTIMIZATION_LEVEL = 0;
				GCC_PREPROCESSOR_DEFINITIONS = (
					"DEBUG=1",
					"$(inherited)",
				);
				GCC_SYMBOLS_PRIVATE_EXTERN = NO;
				GCC_WARN_64_TO_32_BIT_CONVERSION = YES;
				GCC_WARN_ABOUT_RETURN_TYPE = YES_ERROR;
				GCC_WARN_UNDECLARED_SELECTOR = YES;
				GCC_WARN_UNINITIALIZED_AUTOS = YES_AGGRESSIVE;
				GCC_WARN_UNUSED_FUNCTION = YES;
				GCC_WARN_UNUSED_VARIABLE = YES;
				IPHONEOS_DEPLOYMENT_TARGET = 7.0;
				ONLY_ACTIVE_ARCH = YES;
				SDKROOT = iphoneos;
				TARGETED_DEVICE_FAMILY = 2;
			};
			name = Debug;
		};
		45B797481949B84D00E8E68E /* Release */ = {
			isa = XCBuildConfiguration;
			buildSettings = {
				ALWAYS_SEARCH_USER_PATHS = NO;
				CLANG_CXX_LANGUAGE_STANDARD = "gnu++0x";
				CLANG_CXX_LIBRARY = "libc++";
				CLANG_ENABLE_MODULES = YES;
				CLANG_ENABLE_OBJC_ARC = YES;
				CLANG_WARN_BOOL_CONVERSION = YES;
				CLANG_WARN_CONSTANT_CONVERSION = YES;
				CLANG_WARN_DIRECT_OBJC_ISA_USAGE = YES_ERROR;
				CLANG_WARN_EMPTY_BODY = YES;
				CLANG_WARN_ENUM_CONVERSION = YES;
				CLANG_WARN_INT_CONVERSION = YES;
				CLANG_WARN_OBJC_ROOT_CLASS = YES_ERROR;
				CLANG_WARN__DUPLICATE_METHOD_MATCH = YES;
				"CODE_SIGN_IDENTITY[sdk=iphoneos*]" = "iPhone Developer";
				COPY_PHASE_STRIP = YES;
				ENABLE_NS_ASSERTIONS = NO;
				GCC_C_LANGUAGE_STANDARD = gnu99;
				GCC_WARN_64_TO_32_BIT_CONVERSION = YES;
				GCC_WARN_ABOUT_RETURN_TYPE = YES_ERROR;
				GCC_WARN_UNDECLARED_SELECTOR = YES;
				GCC_WARN_UNINITIALIZED_AUTOS = YES_AGGRESSIVE;
				GCC_WARN_UNUSED_FUNCTION = YES;
				GCC_WARN_UNUSED_VARIABLE = YES;
				IPHONEOS_DEPLOYMENT_TARGET = 7.0;
				SDKROOT = iphoneos;
				TARGETED_DEVICE_FAMILY = 2;
				VALIDATE_PRODUCT = YES;
			};
			name = Release;
		};
		45B7974A1949B84D00E8E68E /* Debug */ = {
			isa = XCBuildConfiguration;
			buildSettings = {
				ASSETCATALOG_COMPILER_APPICON_NAME = AppIcon;
				ASSETCATALOG_COMPILER_LAUNCHIMAGE_NAME = LaunchImage;
				GCC_PRECOMPILE_PREFIX_HEADER = YES;
				GCC_PREFIX_HEADER = "NSHipsterBlogApp/NSHipsterBlogApp-Prefix.pch";
				INFOPLIST_FILE = "NSHipsterBlogApp/NSHipsterBlogApp-Info.plist";
				IPHONEOS_DEPLOYMENT_TARGET = 7.0;
				PRODUCT_NAME = "$(TARGET_NAME)";
				TARGETED_DEVICE_FAMILY = 1;
				WRAPPER_EXTENSION = app;
			};
			name = Debug;
		};
		45B7974B1949B84D00E8E68E /* Release */ = {
			isa = XCBuildConfiguration;
			buildSettings = {
				ASSETCATALOG_COMPILER_APPICON_NAME = AppIcon;
				ASSETCATALOG_COMPILER_LAUNCHIMAGE_NAME = LaunchImage;
				GCC_PRECOMPILE_PREFIX_HEADER = YES;
				GCC_PREFIX_HEADER = "NSHipsterBlogApp/NSHipsterBlogApp-Prefix.pch";
				INFOPLIST_FILE = "NSHipsterBlogApp/NSHipsterBlogApp-Info.plist";
				IPHONEOS_DEPLOYMENT_TARGET = 7.0;
				PRODUCT_NAME = "$(TARGET_NAME)";
				TARGETED_DEVICE_FAMILY = 1;
				WRAPPER_EXTENSION = app;
			};
			name = Release;
		};
		45B7974D1949B84D00E8E68E /* Debug */ = {
			isa = XCBuildConfiguration;
			baseConfigurationReference = E2FAEE691912415183750ECB /* Pods-NSHipsterBlogAppTests.xcconfig */;
			buildSettings = {
				BUNDLE_LOADER = "$(BUILT_PRODUCTS_DIR)/NSHipsterBlogApp.app/NSHipsterBlogApp";
				FRAMEWORK_SEARCH_PATHS = (
					"$(SDKROOT)/Developer/Library/Frameworks",
					"$(inherited)",
					"$(DEVELOPER_FRAMEWORKS_DIR)",
				);
				GCC_PRECOMPILE_PREFIX_HEADER = YES;
				GCC_PREFIX_HEADER = "NSHipsterBlogApp/NSHipsterBlogApp-Prefix.pch";
				GCC_PREPROCESSOR_DEFINITIONS = (
					"DEBUG=1",
					"$(inherited)",
				);
				INFOPLIST_FILE = "NSHipsterBlogAppTests/NSHipsterBlogAppTests-Info.plist";
				PRODUCT_NAME = "$(TARGET_NAME)";
				TEST_HOST = "$(BUNDLE_LOADER)";
				WRAPPER_EXTENSION = xctest;
			};
			name = Debug;
		};
		45B7974E1949B84D00E8E68E /* Release */ = {
			isa = XCBuildConfiguration;
			baseConfigurationReference = E2FAEE691912415183750ECB /* Pods-NSHipsterBlogAppTests.xcconfig */;
			buildSettings = {
				BUNDLE_LOADER = "$(BUILT_PRODUCTS_DIR)/NSHipsterBlogApp.app/NSHipsterBlogApp";
				FRAMEWORK_SEARCH_PATHS = (
					"$(SDKROOT)/Developer/Library/Frameworks",
					"$(inherited)",
					"$(DEVELOPER_FRAMEWORKS_DIR)",
				);
				GCC_PRECOMPILE_PREFIX_HEADER = YES;
				GCC_PREFIX_HEADER = "NSHipsterBlogApp/NSHipsterBlogApp-Prefix.pch";
				INFOPLIST_FILE = "NSHipsterBlogAppTests/NSHipsterBlogAppTests-Info.plist";
				PRODUCT_NAME = "$(TARGET_NAME)";
				TEST_HOST = "$(BUNDLE_LOADER)";
				WRAPPER_EXTENSION = xctest;
			};
			name = Release;
		};
/* End XCBuildConfiguration section */

/* Begin XCConfigurationList section */
		45B7970F1949B84D00E8E68E /* Build configuration list for PBXProject "NSHipsterBlogApp" */ = {
			isa = XCConfigurationList;
			buildConfigurations = (
				45B797471949B84D00E8E68E /* Debug */,
				45B797481949B84D00E8E68E /* Release */,
			);
			defaultConfigurationIsVisible = 0;
			defaultConfigurationName = Release;
		};
		45B797491949B84D00E8E68E /* Build configuration list for PBXNativeTarget "NSHipsterBlogApp" */ = {
			isa = XCConfigurationList;
			buildConfigurations = (
				45B7974A1949B84D00E8E68E /* Debug */,
				45B7974B1949B84D00E8E68E /* Release */,
			);
			defaultConfigurationIsVisible = 0;
			defaultConfigurationName = Release;
		};
		45B7974C1949B84D00E8E68E /* Build configuration list for PBXNativeTarget "NSHipsterBlogAppTests" */ = {
			isa = XCConfigurationList;
			buildConfigurations = (
				45B7974D1949B84D00E8E68E /* Debug */,
				45B7974E1949B84D00E8E68E /* Release */,
			);
			defaultConfigurationIsVisible = 0;
			defaultConfigurationName = Release;
		};
/* End XCConfigurationList section */
	};
	rootObject = 45B7970C1949B84D00E8E68E /* Project object */;
}
